
Microsoft Visual Studio Solution File, Format Version 12.00
# Visual Studio 2013
VisualStudioVersion = 12.0.21005.1
MinimumVisualStudioVersion = 10.0.40219.1
Project("{2150E333-8FDC-42A3-9474-1A3956D46DE8}") = "examples", "examples", "{BEB7EAB1-C8BA-4CC8-974B-1E590271DDC6}"
EndProject
Project("{8BC9CEB8-8B4A-11D0-8D11-00A0C91BC942}") = "libnonius", "libnonius.vcxproj", "{57AFC47E-B3B1-4271-A5A0-E75CFA671395}"
EndProject
Project("{8BC9CEB8-8B4A-11D0-8D11-00A0C91BC942}") = "example1", "example1.vcxproj", "{EF7FA3DA-2003-4660-95F7-3A06369B92CA}"
EndProject
Project("{8BC9CEB8-8B4A-11D0-8D11-00A0C91BC942}") = "example2", "example2.vcxproj", "{DAB33ED6-2AC9-488D-9567-D49380C56073}"
EndProject
Project("{8BC9CEB8-8B4A-11D0-8D11-00A0C91BC942}") = "example3", "example3.vcxproj", "{DA05DA6D-B10E-404D-A0B0-D2CA0092DB06}"
EndProject
Project("{8BC9CEB8-8B4A-11D0-8D11-00A0C91BC942}") = "test", "test.vcxproj", "{489E3024-3D90-4394-907E-219D270234F0}"
EndProject
Project("{8BC9CEB8-8B4A-11D0-8D11-00A0C91BC942}") = "example4", "example4.vcxproj", "{30EA2EC3-FAFC-43BF-A4BC-3F7D38606A82}"
EndProject
Project("{8BC9CEB8-8B4A-11D0-8D11-00A0C91BC942}") = "example5", "example5.vcxproj", "{E89EB8FB-6498-41C2-BF7E-2BDD3485E421}"
EndProject
Global
	GlobalSection(SolutionConfigurationPlatforms) = preSolution
		Debug|Win32 = Debug|Win32
		Release|Win32 = Release|Win32
	EndGlobalSection
	GlobalSection(ProjectConfigurationPlatforms) = postSolution
		{57AFC47E-B3B1-4271-A5A0-E75CFA671395}.Debug|Win32.ActiveCfg = Debug|Win32
		{57AFC47E-B3B1-4271-A5A0-E75CFA671395}.Debug|Win32.Build.0 = Debug|Win32
		{57AFC47E-B3B1-4271-A5A0-E75CFA671395}.Release|Win32.ActiveCfg = Release|Win32
		{57AFC47E-B3B1-4271-A5A0-E75CFA671395}.Release|Win32.Build.0 = Release|Win32
		{EF7FA3DA-2003-4660-95F7-3A06369B92CA}.Debug|Win32.ActiveCfg = Debug|Win32
		{EF7FA3DA-2003-4660-95F7-3A06369B92CA}.Debug|Win32.Build.0 = Debug|Win32
		{EF7FA3DA-2003-4660-95F7-3A06369B92CA}.Release|Win32.ActiveCfg = Release|Win32
		{EF7FA3DA-2003-4660-95F7-3A06369B92CA}.Release|Win32.Build.0 = Release|Win32
		{DAB33ED6-2AC9-488D-9567-D49380C56073}.Debug|Win32.ActiveCfg = Debug|Win32
		{DAB33ED6-2AC9-488D-9567-D49380C56073}.Debug|Win32.Build.0 = Debug|Win32
		{DAB33ED6-2AC9-488D-9567-D49380C56073}.Release|Win32.ActiveCfg = Release|Win32
		{DAB33ED6-2AC9-488D-9567-D49380C56073}.Release|Win32.Build.0 = Release|Win32
		{DA05DA6D-B10E-404D-A0B0-D2CA0092DB06}.Debug|Win32.ActiveCfg = Debug|Win32
		{DA05DA6D-B10E-404D-A0B0-D2CA0092DB06}.Debug|Win32.Build.0 = Debug|Win32
		{DA05DA6D-B10E-404D-A0B0-D2CA0092DB06}.Release|Win32.ActiveCfg = Release|Win32
		{DA05DA6D-B10E-404D-A0B0-D2CA0092DB06}.Release|Win32.Build.0 = Release|Win32
		{489E3024-3D90-4394-907E-219D270234F0}.Debug|Win32.ActiveCfg = Debug|Win32
		{489E3024-3D90-4394-907E-219D270234F0}.Debug|Win32.Build.0 = Debug|Win32
		{489E3024-3D90-4394-907E-219D270234F0}.Release|Win32.ActiveCfg = Release|Win32
		{489E3024-3D90-4394-907E-219D270234F0}.Release|Win32.Build.0 = Release|Win32
		{30EA2EC3-FAFC-43BF-A4BC-3F7D38606A82}.Debug|Win32.ActiveCfg = Debug|Win32
		{30EA2EC3-FAFC-43BF-A4BC-3F7D38606A82}.Debug|Win32.Build.0 = Debug|Win32
		{30EA2EC3-FAFC-43BF-A4BC-3F7D38606A82}.Release|Win32.ActiveCfg = Release|Win32
		{30EA2EC3-FAFC-43BF-A4BC-3F7D38606A82}.Release|Win32.Build.0 = Release|Win32
		{E89EB8FB-6498-41C2-BF7E-2BDD3485E421}.Debug|Win32.ActiveCfg = Debug|Win32
		{E89EB8FB-6498-41C2-BF7E-2BDD3485E421}.Debug|Win32.Build.0 = Debug|Win32
		{E89EB8FB-6498-41C2-BF7E-2BDD3485E421}.Release|Win32.ActiveCfg = Release|Win32
		{E89EB8FB-6498-41C2-BF7E-2BDD3485E421}.Release|Win32.Build.0 = Release|Win32
	EndGlobalSection
	GlobalSection(SolutionProperties) = preSolution
		HideSolutionNode = FALSE
	EndGlobalSection
	GlobalSection(NestedProjects) = preSolution
		{EF7FA3DA-2003-4660-95F7-3A06369B92CA} = {BEB7EAB1-C8BA-4CC8-974B-1E590271DDC6}
		{DAB33ED6-2AC9-488D-9567-D49380C56073} = {BEB7EAB1-C8BA-4CC8-974B-1E590271DDC6}
		{DA05DA6D-B10E-404D-A0B0-D2CA0092DB06} = {BEB7EAB1-C8BA-4CC8-974B-1E590271DDC6}
		{30EA2EC3-FAFC-43BF-A4BC-3F7D38606A82} = {BEB7EAB1-C8BA-4CC8-974B-1E590271DDC6}
		{E89EB8FB-6498-41C2-BF7E-2BDD3485E421} = {BEB7EAB1-C8BA-4CC8-974B-1E590271DDC6}
	EndGlobalSection
EndGlobal
